
Microsoft Visual Studio Solution File, Format Version 12.00
# Visual Studio Version 16
VisualStudioVersion = 16.0.31321.278
MinimumVisualStudioVersion = 10.0.40219.1
Project("{FAE04EC0-301F-11D3-BF4B-00C04F79EFBC}") = "CPU Simulator", "CPU Simulator\CPU Simulator.csproj", "{38B2B37B-699C-4DF1-BCE1-32D3C194C1C6}"
EndProject
Global
	GlobalSection(SolutionConfigurationPlatforms) = preSolution
		Debug|Any CPU = Debug|Any CPU
		Release|Any CPU = Release|Any CPU
	EndGlobalSection
	GlobalSection(ProjectConfigurationPlatforms) = postSolution
		{38B2B37B-699C-4DF1-BCE1-32D3C194C1C6}.Debug|Any CPU.ActiveCfg = Debug|Any CPU
		{38B2B37B-699C-4DF1-BCE1-32D3C194C1C6}.Debug|Any CPU.Build.0 = Debug|Any CPU
		{38B2B37B-699C-4DF1-BCE1-32D3C194C1C6}.Release|Any CPU.ActiveCfg = Release|Any CPU
		{38B2B37B-699C-4DF1-BCE1-32D3C194C1C6}.Release|Any CPU.Build.0 = Release|Any CPU
	EndGlobalSection
	GlobalSection(SolutionProperties) = preSolution
		HideSolutionNode = FALSE
	EndGlobalSection
	GlobalSection(ExtensibilityGlobals) = postSolution
		SolutionGuid = {F1C6CBD3-19A5-4AA0-A669-BFCB065FEB58}
	EndGlobalSection
EndGlobal
